
Microsoft Visual Studio Solution File, Format Version 12.00
# Visual Studio Version 16
VisualStudioVersion = 16.0.32510.428
MinimumVisualStudioVersion = 10.0.40219.1
Project("{FAE04EC0-301F-11D3-BF4B-00C04F79EFBC}") = "MyFirstApp", "MyFirstApp\MyFirstApp.csproj", "{7DEDA718-CEE3-46E8-9F9E-AD92FA92746D}"
EndProject
Global
	GlobalSection(SolutionConfigurationPlatforms) = preSolution
		Debug|Any CPU = Debug|Any CPU
		Release|Any CPU = Release|Any CPU
	EndGlobalSection
	GlobalSection(ProjectConfigurationPlatforms) = postSolution
		{7DEDA718-CEE3-46E8-9F9E-AD92FA92746D}.Debug|Any CPU.ActiveCfg = Debug|Any CPU
		{7DEDA718-CEE3-46E8-9F9E-AD92FA92746D}.Debug|Any CPU.Build.0 = Debug|Any CPU
		{7DEDA718-CEE3-46E8-9F9E-AD92FA92746D}.Release|Any CPU.ActiveCfg = Release|Any CPU
		{7DEDA718-CEE3-46E8-9F9E-AD92FA92746D}.Release|Any CPU.Build.0 = Release|Any CPU
	EndGlobalSection
	GlobalSection(SolutionProperties) = preSolution
		HideSolutionNode = FALSE
	EndGlobalSection
	GlobalSection(ExtensibilityGlobals) = postSolution
		SolutionGuid = {64B29F32-5A0A-4AD2-8F18-0CE707873F5E}
	EndGlobalSection
EndGlobal
